
Microsoft Visual Studio Solution File, Format Version 12.00
# Visual Studio 15
VisualStudioVersion = 15.0.28307.489
MinimumVisualStudioVersion = 10.0.40219.1
Project("{FAE04EC0-301F-11D3-BF4B-00C04F79EFBC}") = "branch-tidy", "branch-tidy.csproj", "{81211FF3-C5BD-4904-B991-CA9A663CCA8D}"
EndProject
Project("{9A19103F-16F7-4668-BE54-9A1E7A4F7556}") = "SharpBucket", "SharpBucket-master\SharpBucket\SharpBucket.csproj", "{38F269B0-E7C9-4F23-93C5-7E80FBC05B18}"
EndProject
Global
	GlobalSection(SolutionConfigurationPlatforms) = preSolution
		Debug|Any CPU = Debug|Any CPU
		Release|Any CPU = Release|Any CPU
	EndGlobalSection
	GlobalSection(ProjectConfigurationPlatforms) = postSolution
		{81211FF3-C5BD-4904-B991-CA9A663CCA8D}.Debug|Any CPU.ActiveCfg = Debug|Any CPU
		{81211FF3-C5BD-4904-B991-CA9A663CCA8D}.Debug|Any CPU.Build.0 = Debug|Any CPU
		{81211FF3-C5BD-4904-B991-CA9A663CCA8D}.Release|Any CPU.ActiveCfg = Release|Any CPU
		{81211FF3-C5BD-4904-B991-CA9A663CCA8D}.Release|Any CPU.Build.0 = Release|Any CPU
		{38F269B0-E7C9-4F23-93C5-7E80FBC05B18}.Debug|Any CPU.ActiveCfg = Debug|Any CPU
		{38F269B0-E7C9-4F23-93C5-7E80FBC05B18}.Debug|Any CPU.Build.0 = Debug|Any CPU
		{38F269B0-E7C9-4F23-93C5-7E80FBC05B18}.Release|Any CPU.ActiveCfg = Release|Any CPU
		{38F269B0-E7C9-4F23-93C5-7E80FBC05B18}.Release|Any CPU.Build.0 = Release|Any CPU
	EndGlobalSection
	GlobalSection(SolutionProperties) = preSolution
		HideSolutionNode = FALSE
	EndGlobalSection
	GlobalSection(ExtensibilityGlobals) = postSolution
		SolutionGuid = {E8CAF87A-6224-4288-B0DD-977AB8662A5A}
	EndGlobalSection
EndGlobal
